
Microsoft Visual Studio Solution File, Format Version 12.00
# Visual Studio Version 16
VisualStudioVersion = 16.0.29709.97
MinimumVisualStudioVersion = 10.0.40219.1
Project("{FAE04EC0-301F-11D3-BF4B-00C04F79EFBC}") = "DualSense2Xbox", "DualSense2Xbox\DualSense2Xbox.csproj", "{613FEB7A-FF0F-4D3D-8B9E-B8187534F911}"
EndProject
Global
	GlobalSection(SolutionConfigurationPlatforms) = preSolution
		Debug|Any CPU = Debug|Any CPU
		Release|Any CPU = Release|Any CPU
	EndGlobalSection
	GlobalSection(ProjectConfigurationPlatforms) = postSolution
		{613FEB7A-FF0F-4D3D-8B9E-B8187534F911}.Debug|Any CPU.ActiveCfg = Debug|Any CPU
		{613FEB7A-FF0F-4D3D-8B9E-B8187534F911}.Debug|Any CPU.Build.0 = Debug|Any CPU
		{613FEB7A-FF0F-4D3D-8B9E-B8187534F911}.Release|Any CPU.ActiveCfg = Release|Any CPU
		{613FEB7A-FF0F-4D3D-8B9E-B8187534F911}.Release|Any CPU.Build.0 = Release|Any CPU
	EndGlobalSection
	GlobalSection(SolutionProperties) = preSolution
		HideSolutionNode = FALSE
	EndGlobalSection
	GlobalSection(ExtensibilityGlobals) = postSolution
		SolutionGuid = {A57B0233-BAB0-4FC2-B8FA-8DB9A69741BC}
	EndGlobalSection
EndGlobal
